
Microsoft Visual Studio Solution File, Format Version 12.00
# Visual Studio Version 16
VisualStudioVersion = 16.0.32510.428
MinimumVisualStudioVersion = 10.0.40219.1
Project("{FAE04EC0-301F-11D3-BF4B-00C04F79EFBC}") = "FRML", "FRML\FRML.csproj", "{CF86668F-3046-4E69-9262-4129D6AFA484}"
EndProject
Project("{FAE04EC0-301F-11D3-BF4B-00C04F79EFBC}") = "patcher", "patcher\patcher.csproj", "{B9A74A6F-4587-44FE-BA19-644A20778906}"
EndProject
Project("{FAE04EC0-301F-11D3-BF4B-00C04F79EFBC}") = "TestMod", "TestMod\TestMod.csproj", "{A2536323-FBB6-4063-B348-020F16D2647C}"
EndProject
Global
	GlobalSection(SolutionConfigurationPlatforms) = preSolution
		Debug|Any CPU = Debug|Any CPU
		Release|Any CPU = Release|Any CPU
	EndGlobalSection
	GlobalSection(ProjectConfigurationPlatforms) = postSolution
		{CF86668F-3046-4E69-9262-4129D6AFA484}.Debug|Any CPU.ActiveCfg = Debug|Any CPU
		{CF86668F-3046-4E69-9262-4129D6AFA484}.Debug|Any CPU.Build.0 = Debug|Any CPU
		{CF86668F-3046-4E69-9262-4129D6AFA484}.Release|Any CPU.ActiveCfg = Release|Any CPU
		{CF86668F-3046-4E69-9262-4129D6AFA484}.Release|Any CPU.Build.0 = Release|Any CPU
		{B9A74A6F-4587-44FE-BA19-644A20778906}.Debug|Any CPU.ActiveCfg = Debug|Any CPU
		{B9A74A6F-4587-44FE-BA19-644A20778906}.Debug|Any CPU.Build.0 = Debug|Any CPU
		{B9A74A6F-4587-44FE-BA19-644A20778906}.Release|Any CPU.ActiveCfg = Release|Any CPU
		{B9A74A6F-4587-44FE-BA19-644A20778906}.Release|Any CPU.Build.0 = Release|Any CPU
		{A2536323-FBB6-4063-B348-020F16D2647C}.Debug|Any CPU.ActiveCfg = Debug|Any CPU
		{A2536323-FBB6-4063-B348-020F16D2647C}.Debug|Any CPU.Build.0 = Debug|Any CPU
		{A2536323-FBB6-4063-B348-020F16D2647C}.Release|Any CPU.ActiveCfg = Release|Any CPU
		{A2536323-FBB6-4063-B348-020F16D2647C}.Release|Any CPU.Build.0 = Release|Any CPU
	EndGlobalSection
	GlobalSection(SolutionProperties) = preSolution
		HideSolutionNode = FALSE
	EndGlobalSection
	GlobalSection(ExtensibilityGlobals) = postSolution
		SolutionGuid = {4DCFB57A-2C83-4B26-9013-4BD96EB63143}
	EndGlobalSection
EndGlobal
